// !$*UTF8*$!
{
	archiveVersion = 1;
	classes = {
	};
	objectVersion = 55;
	objects = {

/* Begin PBXBuildFile section */
		BD3EB9072740159B00610223 /* ContentView.swift in Sources */ = {isa = PBXBuildFile; fileRef = BD42C619271C85D2001E5049 /* ContentView.swift */; };
		BD3EB9082740159B00610223 /* KnobView.swift in Sources */ = {isa = PBXBuildFile; fileRef = BD42C642271C8896001E5049 /* KnobView.swift */; };
		BD3EB909274015A800610223 /* KnobView.swift in Sources */ = {isa = PBXBuildFile; fileRef = BDA5A262271AEC40004FE9EF /* KnobView.swift */; };
		BD3EB90A274015A800610223 /* ContentView.swift in Sources */ = {isa = PBXBuildFile; fileRef = BDD4574E2719BDD7000E6C2F /* ContentView.swift */; };
		BD42C618271C85D2001E5049 /* KnobDemo_macOSApp.swift in Sources */ = {isa = PBXBuildFile; fileRef = BD42C617271C85D2001E5049 /* KnobDemo_macOSApp.swift */; };
		BD42C61C271C85D6001E5049 /* Assets.xcassets in Resources */ = {isa = PBXBuildFile; fileRef = BD42C61B271C85D6001E5049 /* Assets.xcassets */; };
		BD42C61F271C85D6001E5049 /* Preview Assets.xcassets in Resources */ = {isa = PBXBuildFile; fileRef = BD42C61E271C85D6001E5049 /* Preview Assets.xcassets */; };
		BD42C62A271C85D6001E5049 /* KnobDemo_macOSTests.swift in Sources */ = {isa = PBXBuildFile; fileRef = BD42C629271C85D6001E5049 /* KnobDemo_macOSTests.swift */; };
		BD42C634271C85D6001E5049 /* KnobDemo_macOSUITests.swift in Sources */ = {isa = PBXBuildFile; fileRef = BD42C633271C85D6001E5049 /* KnobDemo_macOSUITests.swift */; };
		BD5B79A52721E0B200FC577D /* KnobStatic in Frameworks */ = {isa = PBXBuildFile; productRef = BD5B79A42721E0B200FC577D /* KnobStatic */; };
		BD5B79A72721E0BF00FC577D /* KnobStatic in Frameworks */ = {isa = PBXBuildFile; productRef = BD5B79A62721E0BF00FC577D /* KnobStatic */; };
		BDD4574D2719BDD7000E6C2F /* KnobDemo_iOSApp.swift in Sources */ = {isa = PBXBuildFile; fileRef = BDD4574C2719BDD7000E6C2F /* KnobDemo_iOSApp.swift */; };
		BDD457512719BDD9000E6C2F /* Assets.xcassets in Resources */ = {isa = PBXBuildFile; fileRef = BDD457502719BDD9000E6C2F /* Assets.xcassets */; };
		BDD457542719BDD9000E6C2F /* Preview Assets.xcassets in Resources */ = {isa = PBXBuildFile; fileRef = BDD457532719BDD9000E6C2F /* Preview Assets.xcassets */; };
		BDD4575E2719BDD9000E6C2F /* KnobDemo_iOSTests.swift in Sources */ = {isa = PBXBuildFile; fileRef = BDD4575D2719BDD9000E6C2F /* KnobDemo_iOSTests.swift */; };
		BDD457682719BDD9000E6C2F /* KnobDemo_iOSUITests.swift in Sources */ = {isa = PBXBuildFile; fileRef = BDD457672719BDD9000E6C2F /* KnobDemo_iOSUITests.swift */; };
/* End PBXBuildFile section */

/* Begin PBXContainerItemProxy section */
		BD42C626271C85D6001E5049 /* PBXContainerItemProxy */ = {
			isa = PBXContainerItemProxy;
			containerPortal = BDD457412719BDD7000E6C2F /* Project object */;
			proxyType = 1;
			remoteGlobalIDString = BD42C614271C85D2001E5049;
			remoteInfo = KnobDemo_macOS;
		};
		BD42C630271C85D6001E5049 /* PBXContainerItemProxy */ = {
			isa = PBXContainerItemProxy;
			containerPortal = BDD457412719BDD7000E6C2F /* Project object */;
			proxyType = 1;
			remoteGlobalIDString = BD42C614271C85D2001E5049;
			remoteInfo = KnobDemo_macOS;
		};
		BDD4575A2719BDD9000E6C2F /* PBXContainerItemProxy */ = {
			isa = PBXContainerItemProxy;
			containerPortal = BDD457412719BDD7000E6C2F /* Project object */;
			proxyType = 1;
			remoteGlobalIDString = BDD457482719BDD7000E6C2F;
			remoteInfo = KnobDemo;
		};
		BDD457642719BDD9000E6C2F /* PBXContainerItemProxy */ = {
			isa = PBXContainerItemProxy;
			containerPortal = BDD457412719BDD7000E6C2F /* Project object */;
			proxyType = 1;
			remoteGlobalIDString = BDD457482719BDD7000E6C2F;
			remoteInfo = KnobDemo;
		};
/* End PBXContainerItemProxy section */

/* Begin PBXFileReference section */
		BD298E5327403DA7001BAF6B /* KnobView.swift */ = {isa = PBXFileReference; lastKnownFileType = sourcecode.swift; name = KnobView.swift; path = KnobDemo_tvOS/KnobView.swift; sourceTree = "<group>"; };
		BD42C615271C85D2001E5049 /* KnobDemo_macOS.app */ = {isa = PBXFileReference; explicitFileType = wrapper.application; includeInIndex = 0; path = KnobDemo_macOS.app; sourceTree = BUILT_PRODUCTS_DIR; };
		BD42C617271C85D2001E5049 /* KnobDemo_macOSApp.swift */ = {isa = PBXFileReference; lastKnownFileType = sourcecode.swift; path = KnobDemo_macOSApp.swift; sourceTree = "<group>"; };
		BD42C619271C85D2001E5049 /* ContentView.swift */ = {isa = PBXFileReference; lastKnownFileType = sourcecode.swift; path = ContentView.swift; sourceTree = "<group>"; };
		BD42C61B271C85D6001E5049 /* Assets.xcassets */ = {isa = PBXFileReference; lastKnownFileType = folder.assetcatalog; path = Assets.xcassets; sourceTree = "<group>"; };
		BD42C61E271C85D6001E5049 /* Preview Assets.xcassets */ = {isa = PBXFileReference; lastKnownFileType = folder.assetcatalog; path = "Preview Assets.xcassets"; sourceTree = "<group>"; };
		BD42C620271C85D6001E5049 /* KnobDemo_macOS.entitlements */ = {isa = PBXFileReference; lastKnownFileType = text.plist.entitlements; path = KnobDemo_macOS.entitlements; sourceTree = "<group>"; };
		BD42C625271C85D6001E5049 /* KnobDemo_macOSTests.xctest */ = {isa = PBXFileReference; explicitFileType = wrapper.cfbundle; includeInIndex = 0; path = KnobDemo_macOSTests.xctest; sourceTree = BUILT_PRODUCTS_DIR; };
		BD42C629271C85D6001E5049 /* KnobDemo_macOSTests.swift */ = {isa = PBXFileReference; lastKnownFileType = sourcecode.swift; path = KnobDemo_macOSTests.swift; sourceTree = "<group>"; };
		BD42C62F271C85D6001E5049 /* KnobDemo_macOSUITests.xctest */ = {isa = PBXFileReference; explicitFileType = wrapper.cfbundle; includeInIndex = 0; path = KnobDemo_macOSUITests.xctest; sourceTree = BUILT_PRODUCTS_DIR; };
		BD42C633271C85D6001E5049 /* KnobDemo_macOSUITests.swift */ = {isa = PBXFileReference; lastKnownFileType = sourcecode.swift; path = KnobDemo_macOSUITests.swift; sourceTree = "<group>"; };
		BD42C642271C8896001E5049 /* KnobView.swift */ = {isa = PBXFileReference; fileEncoding = 4; lastKnownFileType = sourcecode.swift; path = KnobView.swift; sourceTree = "<group>"; };
		BDA5A260271AEB2E004FE9EF /* Knob */ = {isa = PBXFileReference; lastKnownFileType = folder; name = Knob; path = ..; sourceTree = "<group>"; };
		BDA5A261271AEBA3004FE9EF /* README.md */ = {isa = PBXFileReference; lastKnownFileType = net.daringfireball.markdown; path = README.md; sourceTree = "<group>"; };
		BDA5A262271AEC40004FE9EF /* KnobView.swift */ = {isa = PBXFileReference; lastKnownFileType = sourcecode.swift; path = KnobView.swift; sourceTree = "<group>"; };
		BDB6AF4E271AF1E800F7A115 /* KnobDemo_iOS.entitlements */ = {isa = PBXFileReference; lastKnownFileType = text.plist.entitlements; path = KnobDemo_iOS.entitlements; sourceTree = "<group>"; };
		BDD457492719BDD7000E6C2F /* KnobDemo_iOS.app */ = {isa = PBXFileReference; explicitFileType = wrapper.application; includeInIndex = 0; path = KnobDemo_iOS.app; sourceTree = BUILT_PRODUCTS_DIR; };
		BDD4574C2719BDD7000E6C2F /* KnobDemo_iOSApp.swift */ = {isa = PBXFileReference; lastKnownFileType = sourcecode.swift; path = KnobDemo_iOSApp.swift; sourceTree = "<group>"; };
		BDD4574E2719BDD7000E6C2F /* ContentView.swift */ = {isa = PBXFileReference; lastKnownFileType = sourcecode.swift; path = ContentView.swift; sourceTree = "<group>"; };
		BDD457502719BDD9000E6C2F /* Assets.xcassets */ = {isa = PBXFileReference; lastKnownFileType = folder.assetcatalog; path = Assets.xcassets; sourceTree = "<group>"; };
		BDD457532719BDD9000E6C2F /* Preview Assets.xcassets */ = {isa = PBXFileReference; lastKnownFileType = folder.assetcatalog; path = "Preview Assets.xcassets"; sourceTree = "<group>"; };
		BDD457592719BDD9000E6C2F /* KnobDemo_iOSTests.xctest */ = {isa = PBXFileReference; explicitFileType = wrapper.cfbundle; includeInIndex = 0; path = KnobDemo_iOSTests.xctest; sourceTree = BUILT_PRODUCTS_DIR; };
		BDD4575D2719BDD9000E6C2F /* KnobDemo_iOSTests.swift */ = {isa = PBXFileReference; lastKnownFileType = sourcecode.swift; path = KnobDemo_iOSTests.swift; sourceTree = "<group>"; };
		BDD457632719BDD9000E6C2F /* KnobDemo_iOSUITests.xctest */ = {isa = PBXFileReference; explicitFileType = wrapper.cfbundle; includeInIndex = 0; path = KnobDemo_iOSUITests.xctest; sourceTree = BUILT_PRODUCTS_DIR; };
		BDD457672719BDD9000E6C2F /* KnobDemo_iOSUITests.swift */ = {isa = PBXFileReference; lastKnownFileType = sourcecode.swift; path = KnobDemo_iOSUITests.swift; sourceTree = "<group>"; };
/* End PBXFileReference section */

/* Begin PBXFrameworksBuildPhase section */
		BD42C612271C85D2001E5049 /* Frameworks */ = {
			isa = PBXFrameworksBuildPhase;
			buildActionMask = 2147483647;
			files = (
				BD5B79A72721E0BF00FC577D /* KnobStatic in Frameworks */,
			);
			runOnlyForDeploymentPostprocessing = 0;
		};
		BD42C622271C85D6001E5049 /* Frameworks */ = {
			isa = PBXFrameworksBuildPhase;
			buildActionMask = 2147483647;
			files = (
			);
			runOnlyForDeploymentPostprocessing = 0;
		};
		BD42C62C271C85D6001E5049 /* Frameworks */ = {
			isa = PBXFrameworksBuildPhase;
			buildActionMask = 2147483647;
			files = (
			);
			runOnlyForDeploymentPostprocessing = 0;
		};
		BDD457462719BDD7000E6C2F /* Frameworks */ = {
			isa = PBXFrameworksBuildPhase;
			buildActionMask = 2147483647;
			files = (
				BD5B79A52721E0B200FC577D /* KnobStatic in Frameworks */,
			);
			runOnlyForDeploymentPostprocessing = 0;
		};
		BDD457562719BDD9000E6C2F /* Frameworks */ = {
			isa = PBXFrameworksBuildPhase;
			buildActionMask = 2147483647;
			files = (
			);
			runOnlyForDeploymentPostprocessing = 0;
		};
		BDD457602719BDD9000E6C2F /* Frameworks */ = {
			isa = PBXFrameworksBuildPhase;
			buildActionMask = 2147483647;
			files = (
			);
			runOnlyForDeploymentPostprocessing = 0;
		};
/* End PBXFrameworksBuildPhase section */

/* Begin PBXGroup section */
		BD42C616271C85D2001E5049 /* KnobDemo_macOS */ = {
			isa = PBXGroup;
			children = (
				BD42C617271C85D2001E5049 /* KnobDemo_macOSApp.swift */,
				BD42C619271C85D2001E5049 /* ContentView.swift */,
				BD42C642271C8896001E5049 /* KnobView.swift */,
				BD42C61B271C85D6001E5049 /* Assets.xcassets */,
				BD42C620271C85D6001E5049 /* KnobDemo_macOS.entitlements */,
				BD42C61D271C85D6001E5049 /* Preview Content */,
			);
			path = KnobDemo_macOS;
			sourceTree = "<group>";
		};
		BD42C61D271C85D6001E5049 /* Preview Content */ = {
			isa = PBXGroup;
			children = (
				BD42C61E271C85D6001E5049 /* Preview Assets.xcassets */,
			);
			path = "Preview Content";
			sourceTree = "<group>";
		};
		BD42C628271C85D6001E5049 /* KnobDemo_macOSTests */ = {
			isa = PBXGroup;
			children = (
				BD42C629271C85D6001E5049 /* KnobDemo_macOSTests.swift */,
			);
			path = KnobDemo_macOSTests;
			sourceTree = "<group>";
		};
		BD42C632271C85D6001E5049 /* KnobDemo_macOSUITests */ = {
			isa = PBXGroup;
			children = (
				BD42C633271C85D6001E5049 /* KnobDemo_macOSUITests.swift */,
			);
			path = KnobDemo_macOSUITests;
			sourceTree = "<group>";
		};
		BDA5A25B271ADC1E004FE9EF /* Packages */ = {
			isa = PBXGroup;
			children = (
				BDA5A260271AEB2E004FE9EF /* Knob */,
			);
			name = Packages;
			sourceTree = "<group>";
		};
		BDA5A25D271ADE6B004FE9EF /* Frameworks */ = {
			isa = PBXGroup;
			children = (
			);
			name = Frameworks;
			sourceTree = "<group>";
		};
		BDD457402719BDD7000E6C2F = {
			isa = PBXGroup;
			children = (
				BD298E5327403DA7001BAF6B /* KnobView.swift */,
				BDA5A25B271ADC1E004FE9EF /* Packages */,
				BDD4574B2719BDD7000E6C2F /* KnobDemo_iOS */,
				BDD4575C2719BDD9000E6C2F /* KnobDemo_iOSTests */,
				BDD457662719BDD9000E6C2F /* KnobDemo_iOSUITests */,
				BD42C616271C85D2001E5049 /* KnobDemo_macOS */,
				BD42C628271C85D6001E5049 /* KnobDemo_macOSTests */,
				BD42C632271C85D6001E5049 /* KnobDemo_macOSUITests */,
				BDD4574A2719BDD7000E6C2F /* Products */,
				BDA5A25D271ADE6B004FE9EF /* Frameworks */,
			);
			sourceTree = "<group>";
		};
		BDD4574A2719BDD7000E6C2F /* Products */ = {
			isa = PBXGroup;
			children = (
				BDD457492719BDD7000E6C2F /* KnobDemo_iOS.app */,
				BDD457592719BDD9000E6C2F /* KnobDemo_iOSTests.xctest */,
				BDD457632719BDD9000E6C2F /* KnobDemo_iOSUITests.xctest */,
				BD42C615271C85D2001E5049 /* KnobDemo_macOS.app */,
				BD42C625271C85D6001E5049 /* KnobDemo_macOSTests.xctest */,
				BD42C62F271C85D6001E5049 /* KnobDemo_macOSUITests.xctest */,
			);
			name = Products;
			sourceTree = "<group>";
		};
		BDD4574B2719BDD7000E6C2F /* KnobDemo_iOS */ = {
			isa = PBXGroup;
			children = (
				BDB6AF4E271AF1E800F7A115 /* KnobDemo_iOS.entitlements */,
				BDD4574C2719BDD7000E6C2F /* KnobDemo_iOSApp.swift */,
				BDA5A262271AEC40004FE9EF /* KnobView.swift */,
				BDD4574E2719BDD7000E6C2F /* ContentView.swift */,
				BDD457502719BDD9000E6C2F /* Assets.xcassets */,
				BDD457522719BDD9000E6C2F /* Preview Content */,
				BDA5A261271AEBA3004FE9EF /* README.md */,
			);
			path = KnobDemo_iOS;
			sourceTree = "<group>";
		};
		BDD457522719BDD9000E6C2F /* Preview Content */ = {
			isa = PBXGroup;
			children = (
				BDD457532719BDD9000E6C2F /* Preview Assets.xcassets */,
			);
			path = "Preview Content";
			sourceTree = "<group>";
		};
		BDD4575C2719BDD9000E6C2F /* KnobDemo_iOSTests */ = {
			isa = PBXGroup;
			children = (
				BDD4575D2719BDD9000E6C2F /* KnobDemo_iOSTests.swift */,
			);
			path = KnobDemo_iOSTests;
			sourceTree = "<group>";
		};
		BDD457662719BDD9000E6C2F /* KnobDemo_iOSUITests */ = {
			isa = PBXGroup;
			children = (
				BDD457672719BDD9000E6C2F /* KnobDemo_iOSUITests.swift */,
			);
			path = KnobDemo_iOSUITests;
			sourceTree = "<group>";
		};
/* End PBXGroup section */

/* Begin PBXNativeTarget section */
		BD42C614271C85D2001E5049 /* KnobDemo_macOS */ = {
			isa = PBXNativeTarget;
			buildConfigurationList = BD42C637271C85D6001E5049 /* Build configuration list for PBXNativeTarget "KnobDemo_macOS" */;
			buildPhases = (
				BD42C611271C85D2001E5049 /* Sources */,
				BD42C612271C85D2001E5049 /* Frameworks */,
				BD42C613271C85D2001E5049 /* Resources */,
			);
			buildRules = (
			);
			dependencies = (
			);
			name = KnobDemo_macOS;
			packageProductDependencies = (
				BD5B79A62721E0BF00FC577D /* KnobStatic */,
			);
			productName = KnobDemo_macOS;
			productReference = BD42C615271C85D2001E5049 /* KnobDemo_macOS.app */;
			productType = "com.apple.product-type.application";
		};
		BD42C624271C85D6001E5049 /* KnobDemo_macOSTests */ = {
			isa = PBXNativeTarget;
			buildConfigurationList = BD42C63A271C85D6001E5049 /* Build configuration list for PBXNativeTarget "KnobDemo_macOSTests" */;
			buildPhases = (
				BD42C621271C85D6001E5049 /* Sources */,
				BD42C622271C85D6001E5049 /* Frameworks */,
				BD42C623271C85D6001E5049 /* Resources */,
			);
			buildRules = (
			);
			dependencies = (
				BD42C627271C85D6001E5049 /* PBXTargetDependency */,
			);
			name = KnobDemo_macOSTests;
			productName = KnobDemo_macOSTests;
			productReference = BD42C625271C85D6001E5049 /* KnobDemo_macOSTests.xctest */;
			productType = "com.apple.product-type.bundle.unit-test";
		};
		BD42C62E271C85D6001E5049 /* KnobDemo_macOSUITests */ = {
			isa = PBXNativeTarget;
			buildConfigurationList = BD42C63D271C85D6001E5049 /* Build configuration list for PBXNativeTarget "KnobDemo_macOSUITests" */;
			buildPhases = (
				BD42C62B271C85D6001E5049 /* Sources */,
				BD42C62C271C85D6001E5049 /* Frameworks */,
				BD42C62D271C85D6001E5049 /* Resources */,
			);
			buildRules = (
			);
			dependencies = (
				BD42C631271C85D6001E5049 /* PBXTargetDependency */,
			);
			name = KnobDemo_macOSUITests;
			productName = KnobDemo_macOSUITests;
			productReference = BD42C62F271C85D6001E5049 /* KnobDemo_macOSUITests.xctest */;
			productType = "com.apple.product-type.bundle.ui-testing";
		};
		BDD457482719BDD7000E6C2F /* KnobDemo_iOS */ = {
			isa = PBXNativeTarget;
			buildConfigurationList = BDD4576D2719BDD9000E6C2F /* Build configuration list for PBXNativeTarget "KnobDemo_iOS" */;
			buildPhases = (
				BDD457452719BDD7000E6C2F /* Sources */,
				BDD457462719BDD7000E6C2F /* Frameworks */,
				BDD457472719BDD7000E6C2F /* Resources */,
			);
			buildRules = (
			);
			dependencies = (
			);
			name = KnobDemo_iOS;
			packageProductDependencies = (
				BD5B79A42721E0B200FC577D /* KnobStatic */,
			);
			productName = KnobDemo;
			productReference = BDD457492719BDD7000E6C2F /* KnobDemo_iOS.app */;
			productType = "com.apple.product-type.application";
		};
		BDD457582719BDD9000E6C2F /* KnobDemo_iOSTests */ = {
			isa = PBXNativeTarget;
			buildConfigurationList = BDD457702719BDD9000E6C2F /* Build configuration list for PBXNativeTarget "KnobDemo_iOSTests" */;
			buildPhases = (
				BDD457552719BDD9000E6C2F /* Sources */,
				BDD457562719BDD9000E6C2F /* Frameworks */,
				BDD457572719BDD9000E6C2F /* Resources */,
			);
			buildRules = (
			);
			dependencies = (
				BDD4575B2719BDD9000E6C2F /* PBXTargetDependency */,
			);
			name = KnobDemo_iOSTests;
			productName = KnobDemoTests;
			productReference = BDD457592719BDD9000E6C2F /* KnobDemo_iOSTests.xctest */;
			productType = "com.apple.product-type.bundle.unit-test";
		};
		BDD457622719BDD9000E6C2F /* KnobDemo_iOSUITests */ = {
			isa = PBXNativeTarget;
			buildConfigurationList = BDD457732719BDD9000E6C2F /* Build configuration list for PBXNativeTarget "KnobDemo_iOSUITests" */;
			buildPhases = (
				BDD4575F2719BDD9000E6C2F /* Sources */,
				BDD457602719BDD9000E6C2F /* Frameworks */,
				BDD457612719BDD9000E6C2F /* Resources */,
			);
			buildRules = (
			);
			dependencies = (
				BDD457652719BDD9000E6C2F /* PBXTargetDependency */,
			);
			name = KnobDemo_iOSUITests;
			productName = KnobDemoUITests;
			productReference = BDD457632719BDD9000E6C2F /* KnobDemo_iOSUITests.xctest */;
			productType = "com.apple.product-type.bundle.ui-testing";
		};
/* End PBXNativeTarget section */

/* Begin PBXProject section */
		BDD457412719BDD7000E6C2F /* Project object */ = {
			isa = PBXProject;
			attributes = {
				BuildIndependentTargetsInParallel = 1;
				LastSwiftUpdateCheck = 1310;
				LastUpgradeCheck = 1310;
				TargetAttributes = {
					BD42C614271C85D2001E5049 = {
						CreatedOnToolsVersion = 13.0;
					};
					BD42C624271C85D6001E5049 = {
						CreatedOnToolsVersion = 13.0;
						TestTargetID = BD42C614271C85D2001E5049;
					};
					BD42C62E271C85D6001E5049 = {
						CreatedOnToolsVersion = 13.0;
						TestTargetID = BD42C614271C85D2001E5049;
					};
					BDD457482719BDD7000E6C2F = {
						CreatedOnToolsVersion = 13.0;
					};
					BDD457582719BDD9000E6C2F = {
						CreatedOnToolsVersion = 13.0;
						TestTargetID = BDD457482719BDD7000E6C2F;
					};
					BDD457622719BDD9000E6C2F = {
						CreatedOnToolsVersion = 13.0;
						TestTargetID = BDD457482719BDD7000E6C2F;
					};
				};
			};
			buildConfigurationList = BDD457442719BDD7000E6C2F /* Build configuration list for PBXProject "KnobDemo" */;
			compatibilityVersion = "Xcode 13.0";
			developmentRegion = en;
			hasScannedForEncodings = 0;
			knownRegions = (
				en,
				Base,
			);
			mainGroup = BDD457402719BDD7000E6C2F;
			packageReferences = (
			);
			productRefGroup = BDD4574A2719BDD7000E6C2F /* Products */;
			projectDirPath = "";
			projectRoot = "";
			targets = (
				BDD457482719BDD7000E6C2F /* KnobDemo_iOS */,
				BDD457582719BDD9000E6C2F /* KnobDemo_iOSTests */,
				BDD457622719BDD9000E6C2F /* KnobDemo_iOSUITests */,
				BD42C614271C85D2001E5049 /* KnobDemo_macOS */,
				BD42C624271C85D6001E5049 /* KnobDemo_macOSTests */,
				BD42C62E271C85D6001E5049 /* KnobDemo_macOSUITests */,
			);
		};
/* End PBXProject section */

/* Begin PBXResourcesBuildPhase section */
		BD42C613271C85D2001E5049 /* Resources */ = {
			isa = PBXResourcesBuildPhase;
			buildActionMask = 2147483647;
			files = (
				BD42C61F271C85D6001E5049 /* Preview Assets.xcassets in Resources */,
				BD42C61C271C85D6001E5049 /* Assets.xcassets in Resources */,
			);
			runOnlyForDeploymentPostprocessing = 0;
		};
		BD42C623271C85D6001E5049 /* Resources */ = {
			isa = PBXResourcesBuildPhase;
			buildActionMask = 2147483647;
			files = (
			);
			runOnlyForDeploymentPostprocessing = 0;
		};
		BD42C62D271C85D6001E5049 /* Resources */ = {
			isa = PBXResourcesBuildPhase;
			buildActionMask = 2147483647;
			files = (
			);
			runOnlyForDeploymentPostprocessing = 0;
		};
		BDD457472719BDD7000E6C2F /* Resources */ = {
			isa = PBXResourcesBuildPhase;
			buildActionMask = 2147483647;
			files = (
				BDD457542719BDD9000E6C2F /* Preview Assets.xcassets in Resources */,
				BDD457512719BDD9000E6C2F /* Assets.xcassets in Resources */,
			);
			runOnlyForDeploymentPostprocessing = 0;
		};
		BDD457572719BDD9000E6C2F /* Resources */ = {
			isa = PBXResourcesBuildPhase;
			buildActionMask = 2147483647;
			files = (
			);
			runOnlyForDeploymentPostprocessing = 0;
		};
		BDD457612719BDD9000E6C2F /* Resources */ = {
			isa = PBXResourcesBuildPhase;
			buildActionMask = 2147483647;
			files = (
			);
			runOnlyForDeploymentPostprocessing = 0;
		};
/* End PBXResourcesBuildPhase section */

/* Begin PBXSourcesBuildPhase section */
		BD42C611271C85D2001E5049 /* Sources */ = {
			isa = PBXSourcesBuildPhase;
			buildActionMask = 2147483647;
			files = (
				BD3EB9072740159B00610223 /* ContentView.swift in Sources */,
				BD3EB9082740159B00610223 /* KnobView.swift in Sources */,
				BD42C618271C85D2001E5049 /* KnobDemo_macOSApp.swift in Sources */,
			);
			runOnlyForDeploymentPostprocessing = 0;
		};
		BD42C621271C85D6001E5049 /* Sources */ = {
			isa = PBXSourcesBuildPhase;
			buildActionMask = 2147483647;
			files = (
				BD42C62A271C85D6001E5049 /* KnobDemo_macOSTests.swift in Sources */,
			);
			runOnlyForDeploymentPostprocessing = 0;
		};
		BD42C62B271C85D6001E5049 /* Sources */ = {
			isa = PBXSourcesBuildPhase;
			buildActionMask = 2147483647;
			files = (
				BD42C634271C85D6001E5049 /* KnobDemo_macOSUITests.swift in Sources */,
			);
			runOnlyForDeploymentPostprocessing = 0;
		};
		BDD457452719BDD7000E6C2F /* Sources */ = {
			isa = PBXSourcesBuildPhase;
			buildActionMask = 2147483647;
			files = (
				BD3EB909274015A800610223 /* KnobView.swift in Sources */,
				BD3EB90A274015A800610223 /* ContentView.swift in Sources */,
				BDD4574D2719BDD7000E6C2F /* KnobDemo_iOSApp.swift in Sources */,
			);
			runOnlyForDeploymentPostprocessing = 0;
		};
		BDD457552719BDD9000E6C2F /* Sources */ = {
			isa = PBXSourcesBuildPhase;
			buildActionMask = 2147483647;
			files = (
				BDD4575E2719BDD9000E6C2F /* KnobDemo_iOSTests.swift in Sources */,
			);
			runOnlyForDeploymentPostprocessing = 0;
		};
		BDD4575F2719BDD9000E6C2F /* Sources */ = {
			isa = PBXSourcesBuildPhase;
			buildActionMask = 2147483647;
			files = (
				BDD457682719BDD9000E6C2F /* KnobDemo_iOSUITests.swift in Sources */,
			);
			runOnlyForDeploymentPostprocessing = 0;
		};
/* End PBXSourcesBuildPhase section */

/* Begin PBXTargetDependency section */
		BD42C627271C85D6001E5049 /* PBXTargetDependency */ = {
			isa = PBXTargetDependency;
			target = BD42C614271C85D2001E5049 /* KnobDemo_macOS */;
			targetProxy = BD42C626271C85D6001E5049 /* PBXContainerItemProxy */;
		};
		BD42C631271C85D6001E5049 /* PBXTargetDependency */ = {
			isa = PBXTargetDependency;
			target = BD42C614271C85D2001E5049 /* KnobDemo_macOS */;
			targetProxy = BD42C630271C85D6001E5049 /* PBXContainerItemProxy */;
		};
		BDD4575B2719BDD9000E6C2F /* PBXTargetDependency */ = {
			isa = PBXTargetDependency;
			target = BDD457482719BDD7000E6C2F /* KnobDemo_iOS */;
			targetProxy = BDD4575A2719BDD9000E6C2F /* PBXContainerItemProxy */;
		};
		BDD457652719BDD9000E6C2F /* PBXTargetDependency */ = {
			isa = PBXTargetDependency;
			target = BDD457482719BDD7000E6C2F /* KnobDemo_iOS */;
			targetProxy = BDD457642719BDD9000E6C2F /* PBXContainerItemProxy */;
		};
/* End PBXTargetDependency section */

/* Begin XCBuildConfiguration section */
		BD42C638271C85D6001E5049 /* Debug */ = {
			isa = XCBuildConfiguration;
			buildSettings = {
				ASSETCATALOG_COMPILER_APPICON_NAME = AppIcon;
				ASSETCATALOG_COMPILER_GLOBAL_ACCENT_COLOR_NAME = AccentColor;
				CODE_SIGN_ENTITLEMENTS = KnobDemo_macOS/KnobDemo_macOS.entitlements;
				CODE_SIGN_IDENTITY = "-";
				CODE_SIGN_STYLE = Automatic;
				COMBINE_HIDPI_IMAGES = YES;
				CURRENT_PROJECT_VERSION = 1;
				DEVELOPMENT_ASSET_PATHS = "\"KnobDemo_macOS/Preview Content\"";
				DEVELOPMENT_TEAM = UP6SS5ES7E;
				ENABLE_HARDENED_RUNTIME = YES;
				ENABLE_PREVIEWS = YES;
				GENERATE_INFOPLIST_FILE = YES;
				INFOPLIST_KEY_NSHumanReadableCopyright = "";
				LD_RUNPATH_SEARCH_PATHS = (
					"$(inherited)",
					"@executable_path/../Frameworks",
				);
				MACOSX_DEPLOYMENT_TARGET = 11.3;
				MARKETING_VERSION = 1.0;
				PRODUCT_BUNDLE_IDENTIFIER = "com.braysoftware.KnobDemo-macOS";
				PRODUCT_NAME = "$(TARGET_NAME)";
				SDKROOT = macosx;
				SWIFT_EMIT_LOC_STRINGS = YES;
				SWIFT_VERSION = 5.0;
			};
			name = Debug;
		};
		BD42C639271C85D6001E5049 /* Release */ = {
			isa = XCBuildConfiguration;
			buildSettings = {
				ASSETCATALOG_COMPILER_APPICON_NAME = AppIcon;
				ASSETCATALOG_COMPILER_GLOBAL_ACCENT_COLOR_NAME = AccentColor;
				CODE_SIGN_ENTITLEMENTS = KnobDemo_macOS/KnobDemo_macOS.entitlements;
				CODE_SIGN_IDENTITY = "-";
				CODE_SIGN_STYLE = Automatic;
				COMBINE_HIDPI_IMAGES = YES;
				CURRENT_PROJECT_VERSION = 1;
				DEVELOPMENT_ASSET_PATHS = "\"KnobDemo_macOS/Preview Content\"";
				DEVELOPMENT_TEAM = UP6SS5ES7E;
				ENABLE_HARDENED_RUNTIME = YES;
				ENABLE_PREVIEWS = YES;
				GENERATE_INFOPLIST_FILE = YES;
				INFOPLIST_KEY_NSHumanReadableCopyright = "";
				LD_RUNPATH_SEARCH_PATHS = (
					"$(inherited)",
					"@executable_path/../Frameworks",
				);
				MACOSX_DEPLOYMENT_TARGET = 11.3;
				MARKETING_VERSION = 1.0;
				PRODUCT_BUNDLE_IDENTIFIER = "com.braysoftware.KnobDemo-macOS";
				PRODUCT_NAME = "$(TARGET_NAME)";
				SDKROOT = macosx;
				SWIFT_EMIT_LOC_STRINGS = YES;
				SWIFT_VERSION = 5.0;
			};
			name = Release;
		};
		BD42C63B271C85D6001E5049 /* Debug */ = {
			isa = XCBuildConfiguration;
			buildSettings = {
				ALWAYS_EMBED_SWIFT_STANDARD_LIBRARIES = YES;
				BUNDLE_LOADER = "$(TEST_HOST)";
				CODE_SIGN_STYLE = Automatic;
				COMBINE_HIDPI_IMAGES = YES;
				CURRENT_PROJECT_VERSION = 1;
				DEVELOPMENT_TEAM = UP6SS5ES7E;
				GENERATE_INFOPLIST_FILE = YES;
				LD_RUNPATH_SEARCH_PATHS = (
					"$(inherited)",
					"@executable_path/../Frameworks",
					"@loader_path/../Frameworks",
				);
				MACOSX_DEPLOYMENT_TARGET = 11.3;
				MARKETING_VERSION = 1.0;
				PRODUCT_BUNDLE_IDENTIFIER = "com.braysoftware.KnobDemo-macOSTests";
				PRODUCT_NAME = "$(TARGET_NAME)";
				SDKROOT = macosx;
				SWIFT_EMIT_LOC_STRINGS = NO;
				SWIFT_VERSION = 5.0;
				TEST_HOST = "$(BUILT_PRODUCTS_DIR)/KnobDemo_macOS.app/Contents/MacOS/KnobDemo_macOS";
			};
			name = Debug;
		};
		BD42C63C271C85D6001E5049 /* Release */ = {
			isa = XCBuildConfiguration;
			buildSettings = {
				ALWAYS_EMBED_SWIFT_STANDARD_LIBRARIES = YES;
				BUNDLE_LOADER = "$(TEST_HOST)";
				CODE_SIGN_STYLE = Automatic;
				COMBINE_HIDPI_IMAGES = YES;
				CURRENT_PROJECT_VERSION = 1;
				DEVELOPMENT_TEAM = UP6SS5ES7E;
				GENERATE_INFOPLIST_FILE = YES;
				LD_RUNPATH_SEARCH_PATHS = (
					"$(inherited)",
					"@executable_path/../Frameworks",
					"@loader_path/../Frameworks",
				);
				MACOSX_DEPLOYMENT_TARGET = 11.3;
				MARKETING_VERSION = 1.0;
				PRODUCT_BUNDLE_IDENTIFIER = "com.braysoftware.KnobDemo-macOSTests";
				PRODUCT_NAME = "$(TARGET_NAME)";
				SDKROOT = macosx;
				SWIFT_EMIT_LOC_STRINGS = NO;
				SWIFT_VERSION = 5.0;
				TEST_HOST = "$(BUILT_PRODUCTS_DIR)/KnobDemo_macOS.app/Contents/MacOS/KnobDemo_macOS";
			};
			name = Release;
		};
		BD42C63E271C85D6001E5049 /* Debug */ = {
			isa = XCBuildConfiguration;
			buildSettings = {
				ALWAYS_EMBED_SWIFT_STANDARD_LIBRARIES = YES;
				CODE_SIGN_STYLE = Automatic;
				COMBINE_HIDPI_IMAGES = YES;
				CURRENT_PROJECT_VERSION = 1;
				DEVELOPMENT_TEAM = UP6SS5ES7E;
				GENERATE_INFOPLIST_FILE = YES;
				LD_RUNPATH_SEARCH_PATHS = (
					"$(inherited)",
					"@executable_path/../Frameworks",
					"@loader_path/../Frameworks",
				);
				MACOSX_DEPLOYMENT_TARGET = 11.3;
				MARKETING_VERSION = 1.0;
				PRODUCT_BUNDLE_IDENTIFIER = "com.braysoftware.KnobDemo-macOSUITests";
				PRODUCT_NAME = "$(TARGET_NAME)";
				SDKROOT = macosx;
				SWIFT_EMIT_LOC_STRINGS = NO;
				SWIFT_VERSION = 5.0;
				TEST_TARGET_NAME = KnobDemo_macOS;
			};
			name = Debug;
		};
		BD42C63F271C85D6001E5049 /* Release */ = {
			isa = XCBuildConfiguration;
			buildSettings = {
				ALWAYS_EMBED_SWIFT_STANDARD_LIBRARIES = YES;
				CODE_SIGN_STYLE = Automatic;
				COMBINE_HIDPI_IMAGES = YES;
				CURRENT_PROJECT_VERSION = 1;
				DEVELOPMENT_TEAM = UP6SS5ES7E;
				GENERATE_INFOPLIST_FILE = YES;
				LD_RUNPATH_SEARCH_PATHS = (
					"$(inherited)",
					"@executable_path/../Frameworks",
					"@loader_path/../Frameworks",
				);
				MACOSX_DEPLOYMENT_TARGET = 11.3;
				MARKETING_VERSION = 1.0;
				PRODUCT_BUNDLE_IDENTIFIER = "com.braysoftware.KnobDemo-macOSUITests";
				PRODUCT_NAME = "$(TARGET_NAME)";
				SDKROOT = macosx;
				SWIFT_EMIT_LOC_STRINGS = NO;
				SWIFT_VERSION = 5.0;
				TEST_TARGET_NAME = KnobDemo_macOS;
			};
			name = Release;
		};
		BDD4576B2719BDD9000E6C2F /* Debug */ = {
			isa = XCBuildConfiguration;
			buildSettings = {
				ALWAYS_SEARCH_USER_PATHS = NO;
				CLANG_ANALYZER_NONNULL = YES;
				CLANG_ANALYZER_NUMBER_OBJECT_CONVERSION = YES_AGGRESSIVE;
				CLANG_CXX_LANGUAGE_STANDARD = "gnu++17";
				CLANG_CXX_LIBRARY = "libc++";
				CLANG_ENABLE_MODULES = YES;
				CLANG_ENABLE_OBJC_ARC = YES;
				CLANG_ENABLE_OBJC_WEAK = YES;
				CLANG_WARN_BLOCK_CAPTURE_AUTORELEASING = YES;
				CLANG_WARN_BOOL_CONVERSION = YES;
				CLANG_WARN_COMMA = YES;
				CLANG_WARN_CONSTANT_CONVERSION = YES;
				CLANG_WARN_DEPRECATED_OBJC_IMPLEMENTATIONS = YES;
				CLANG_WARN_DIRECT_OBJC_ISA_USAGE = YES_ERROR;
				CLANG_WARN_DOCUMENTATION_COMMENTS = YES;
				CLANG_WARN_EMPTY_BODY = YES;
				CLANG_WARN_ENUM_CONVERSION = YES;
				CLANG_WARN_INFINITE_RECURSION = YES;
				CLANG_WARN_INT_CONVERSION = YES;
				CLANG_WARN_NON_LITERAL_NULL_CONVERSION = YES;
				CLANG_WARN_OBJC_IMPLICIT_RETAIN_SELF = YES;
				CLANG_WARN_OBJC_LITERAL_CONVERSION = YES;
				CLANG_WARN_OBJC_ROOT_CLASS = YES_ERROR;
				CLANG_WARN_QUOTED_INCLUDE_IN_FRAMEWORK_HEADER = YES;
				CLANG_WARN_RANGE_LOOP_ANALYSIS = YES;
				CLANG_WARN_STRICT_PROTOTYPES = YES;
				CLANG_WARN_SUSPICIOUS_MOVE = YES;
				CLANG_WARN_UNGUARDED_AVAILABILITY = YES_AGGRESSIVE;
				CLANG_WARN_UNREACHABLE_CODE = YES;
				CLANG_WARN__DUPLICATE_METHOD_MATCH = YES;
				COPY_PHASE_STRIP = NO;
				DEBUG_INFORMATION_FORMAT = dwarf;
				ENABLE_STRICT_OBJC_MSGSEND = YES;
				ENABLE_TESTABILITY = YES;
				GCC_C_LANGUAGE_STANDARD = gnu11;
				GCC_DYNAMIC_NO_PIC = NO;
				GCC_NO_COMMON_BLOCKS = YES;
				GCC_OPTIMIZATION_LEVEL = 0;
				GCC_PREPROCESSOR_DEFINITIONS = (
					"DEBUG=1",
					"$(inherited)",
				);
				GCC_WARN_64_TO_32_BIT_CONVERSION = YES;
				GCC_WARN_ABOUT_RETURN_TYPE = YES_ERROR;
				GCC_WARN_UNDECLARED_SELECTOR = YES;
				GCC_WARN_UNINITIALIZED_AUTOS = YES_AGGRESSIVE;
				GCC_WARN_UNUSED_FUNCTION = YES;
				GCC_WARN_UNUSED_VARIABLE = YES;
				IPHONEOS_DEPLOYMENT_TARGET = 15.0;
				MTL_ENABLE_DEBUG_INFO = INCLUDE_SOURCE;
				MTL_FAST_MATH = YES;
				ONLY_ACTIVE_ARCH = YES;
				SDKROOT = iphoneos;
				SWIFT_ACTIVE_COMPILATION_CONDITIONS = DEBUG;
				SWIFT_OPTIMIZATION_LEVEL = "-Onone";
			};
			name = Debug;
		};
		BDD4576C2719BDD9000E6C2F /* Release */ = {
			isa = XCBuildConfiguration;
			buildSettings = {
				ALWAYS_SEARCH_USER_PATHS = NO;
				CLANG_ANALYZER_NONNULL = YES;
				CLANG_ANALYZER_NUMBER_OBJECT_CONVERSION = YES_AGGRESSIVE;
				CLANG_CXX_LANGUAGE_STANDARD = "gnu++17";
				CLANG_CXX_LIBRARY = "libc++";
				CLANG_ENABLE_MODULES = YES;
				CLANG_ENABLE_OBJC_ARC = YES;
				CLANG_ENABLE_OBJC_WEAK = YES;
				CLANG_WARN_BLOCK_CAPTURE_AUTORELEASING = YES;
				CLANG_WARN_BOOL_CONVERSION = YES;
				CLANG_WARN_COMMA = YES;
				CLANG_WARN_CONSTANT_CONVERSION = YES;
				CLANG_WARN_DEPRECATED_OBJC_IMPLEMENTATIONS = YES;
				CLANG_WARN_DIRECT_OBJC_ISA_USAGE = YES_ERROR;
				CLANG_WARN_DOCUMENTATION_COMMENTS = YES;
				CLANG_WARN_EMPTY_BODY = YES;
				CLANG_WARN_ENUM_CONVERSION = YES;
				CLANG_WARN_INFINITE_RECURSION = YES;
				CLANG_WARN_INT_CONVERSION = YES;
				CLANG_WARN_NON_LITERAL_NULL_CONVERSION = YES;
				CLANG_WARN_OBJC_IMPLICIT_RETAIN_SELF = YES;
				CLANG_WARN_OBJC_LITERAL_CONVERSION = YES;
				CLANG_WARN_OBJC_ROOT_CLASS = YES_ERROR;
				CLANG_WARN_QUOTED_INCLUDE_IN_FRAMEWORK_HEADER = YES;
				CLANG_WARN_RANGE_LOOP_ANALYSIS = YES;
				CLANG_WARN_STRICT_PROTOTYPES = YES;
				CLANG_WARN_SUSPICIOUS_MOVE = YES;
				CLANG_WARN_UNGUARDED_AVAILABILITY = YES_AGGRESSIVE;
				CLANG_WARN_UNREACHABLE_CODE = YES;
				CLANG_WARN__DUPLICATE_METHOD_MATCH = YES;
				COPY_PHASE_STRIP = NO;
				DEBUG_INFORMATION_FORMAT = "dwarf-with-dsym";
				ENABLE_NS_ASSERTIONS = NO;
				ENABLE_STRICT_OBJC_MSGSEND = YES;
				GCC_C_LANGUAGE_STANDARD = gnu11;
				GCC_NO_COMMON_BLOCKS = YES;
				GCC_WARN_64_TO_32_BIT_CONVERSION = YES;
				GCC_WARN_ABOUT_RETURN_TYPE = YES_ERROR;
				GCC_WARN_UNDECLARED_SELECTOR = YES;
				GCC_WARN_UNINITIALIZED_AUTOS = YES_AGGRESSIVE;
				GCC_WARN_UNUSED_FUNCTION = YES;
				GCC_WARN_UNUSED_VARIABLE = YES;
				IPHONEOS_DEPLOYMENT_TARGET = 15.0;
				MTL_ENABLE_DEBUG_INFO = NO;
				MTL_FAST_MATH = YES;
				SDKROOT = iphoneos;
				SWIFT_COMPILATION_MODE = wholemodule;
				SWIFT_OPTIMIZATION_LEVEL = "-O";
				VALIDATE_PRODUCT = YES;
			};
			name = Release;
		};
		BDD4576E2719BDD9000E6C2F /* Debug */ = {
			isa = XCBuildConfiguration;
			buildSettings = {
				ASSETCATALOG_COMPILER_APPICON_NAME = AppIcon;
				ASSETCATALOG_COMPILER_GLOBAL_ACCENT_COLOR_NAME = AccentColor;
				CODE_SIGN_ENTITLEMENTS = KnobDemo_iOS/KnobDemo_iOS.entitlements;
				CODE_SIGN_STYLE = Automatic;
				CURRENT_PROJECT_VERSION = 1;
				DEVELOPMENT_ASSET_PATHS = "\"KnobDemo_iOS/Preview Content\"";
				DEVELOPMENT_TEAM = UP6SS5ES7E;
				ENABLE_PREVIEWS = YES;
				GENERATE_INFOPLIST_FILE = YES;
				INFOPLIST_KEY_UIApplicationSceneManifest_Generation = YES;
				INFOPLIST_KEY_UIApplicationSupportsIndirectInputEvents = YES;
				INFOPLIST_KEY_UILaunchScreen_Generation = YES;
				INFOPLIST_KEY_UISupportedInterfaceOrientations = UIInterfaceOrientationPortrait;
				INFOPLIST_KEY_UISupportedInterfaceOrientations_iPad = "UIInterfaceOrientationPortrait UIInterfaceOrientationPortraitUpsideDown UIInterfaceOrientationLandscapeLeft UIInterfaceOrientationLandscapeRight";
				INFOPLIST_KEY_UISupportedInterfaceOrientations_iPhone = "UIInterfaceOrientationPortrait UIInterfaceOrientationLandscapeLeft UIInterfaceOrientationLandscapeRight";
				IPHONEOS_DEPLOYMENT_TARGET = 14.0;
				LD_RUNPATH_SEARCH_PATHS = (
					"$(inherited)",
					"@executable_path/Frameworks",
				);
				MARKETING_VERSION = 1.0;
				PRODUCT_BUNDLE_IDENTIFIER = com.braysoftware.KnobDemo;
				PRODUCT_NAME = KnobDemo_iOS;
				SUPPORTS_MACCATALYST = NO;
				SWIFT_EMIT_LOC_STRINGS = YES;
				SWIFT_VERSION = 5.0;
				TARGETED_DEVICE_FAMILY = "1,2";
			};
			name = Debug;
		};
		BDD4576F2719BDD9000E6C2F /* Release */ = {
			isa = XCBuildConfiguration;
			buildSettings = {
				ASSETCATALOG_COMPILER_APPICON_NAME = AppIcon;
				ASSETCATALOG_COMPILER_GLOBAL_ACCENT_COLOR_NAME = AccentColor;
				CODE_SIGN_ENTITLEMENTS = KnobDemo_iOS/KnobDemo_iOS.entitlements;
				CODE_SIGN_STYLE = Automatic;
				CURRENT_PROJECT_VERSION = 1;
				DEVELOPMENT_ASSET_PATHS = "\"KnobDemo_iOS/Preview Content\"";
				DEVELOPMENT_TEAM = UP6SS5ES7E;
				ENABLE_PREVIEWS = YES;
				GENERATE_INFOPLIST_FILE = YES;
				INFOPLIST_KEY_UIApplicationSceneManifest_Generation = YES;
				INFOPLIST_KEY_UIApplicationSupportsIndirectInputEvents = YES;
				INFOPLIST_KEY_UILaunchScreen_Generation = YES;
				INFOPLIST_KEY_UISupportedInterfaceOrientations = UIInterfaceOrientationPortrait;
				INFOPLIST_KEY_UISupportedInterfaceOrientations_iPad = "UIInterfaceOrientationPortrait UIInterfaceOrientationPortraitUpsideDown UIInterfaceOrientationLandscapeLeft UIInterfaceOrientationLandscapeRight";
				INFOPLIST_KEY_UISupportedInterfaceOrientations_iPhone = "UIInterfaceOrientationPortrait UIInterfaceOrientationLandscapeLeft UIInterfaceOrientationLandscapeRight";
				IPHONEOS_DEPLOYMENT_TARGET = 14.0;
				LD_RUNPATH_SEARCH_PATHS = (
					"$(inherited)",
					"@executable_path/Frameworks",
				);
				MARKETING_VERSION = 1.0;
				PRODUCT_BUNDLE_IDENTIFIER = com.braysoftware.KnobDemo;
				PRODUCT_NAME = KnobDemo_iOS;
				SUPPORTS_MACCATALYST = NO;
				SWIFT_EMIT_LOC_STRINGS = YES;
				SWIFT_VERSION = 5.0;
				TARGETED_DEVICE_FAMILY = "1,2";
			};
			name = Release;
		};
		BDD457712719BDD9000E6C2F /* Debug */ = {
			isa = XCBuildConfiguration;
			buildSettings = {
				ALWAYS_EMBED_SWIFT_STANDARD_LIBRARIES = YES;
				BUNDLE_LOADER = "$(TEST_HOST)";
				CODE_SIGN_STYLE = Automatic;
				CURRENT_PROJECT_VERSION = 1;
				DEVELOPMENT_TEAM = UP6SS5ES7E;
				GENERATE_INFOPLIST_FILE = YES;
				IPHONEOS_DEPLOYMENT_TARGET = 14.0;
				LD_RUNPATH_SEARCH_PATHS = (
					"$(inherited)",
					"@executable_path/Frameworks",
					"@loader_path/Frameworks",
				);
				MARKETING_VERSION = 1.0;
				PRODUCT_BUNDLE_IDENTIFIER = com.braysoftware.KnobDemoTests;
				PRODUCT_NAME = "$(TARGET_NAME)";
				SWIFT_EMIT_LOC_STRINGS = NO;
				SWIFT_VERSION = 5.0;
				TARGETED_DEVICE_FAMILY = "1,2";
				TEST_HOST = "$(BUILT_PRODUCTS_DIR)/KnobDemo_iOS.app/KnobDemo_iOS";
			};
			name = Debug;
		};
		BDD457722719BDD9000E6C2F /* Release */ = {
			isa = XCBuildConfiguration;
			buildSettings = {
				ALWAYS_EMBED_SWIFT_STANDARD_LIBRARIES = YES;
				BUNDLE_LOADER = "$(TEST_HOST)";
				CODE_SIGN_STYLE = Automatic;
				CURRENT_PROJECT_VERSION = 1;
				DEVELOPMENT_TEAM = UP6SS5ES7E;
				GENERATE_INFOPLIST_FILE = YES;
				IPHONEOS_DEPLOYMENT_TARGET = 14.0;
				LD_RUNPATH_SEARCH_PATHS = (
					"$(inherited)",
					"@executable_path/Frameworks",
					"@loader_path/Frameworks",
				);
				MARKETING_VERSION = 1.0;
				PRODUCT_BUNDLE_IDENTIFIER = com.braysoftware.KnobDemoTests;
				PRODUCT_NAME = "$(TARGET_NAME)";
				SWIFT_EMIT_LOC_STRINGS = NO;
				SWIFT_VERSION = 5.0;
				TARGETED_DEVICE_FAMILY = "1,2";
				TEST_HOST = "$(BUILT_PRODUCTS_DIR)/KnobDemo_iOS.app/KnobDemo_iOS";
			};
			name = Release;
		};
		BDD457742719BDD9000E6C2F /* Debug */ = {
			isa = XCBuildConfiguration;
			buildSettings = {
				ALWAYS_EMBED_SWIFT_STANDARD_LIBRARIES = YES;
				CODE_SIGN_STYLE = Automatic;
				CURRENT_PROJECT_VERSION = 1;
				DEVELOPMENT_TEAM = UP6SS5ES7E;
				GENERATE_INFOPLIST_FILE = YES;
				LD_RUNPATH_SEARCH_PATHS = (
					"$(inherited)",
					"@executable_path/Frameworks",
					"@loader_path/Frameworks",
				);
				MARKETING_VERSION = 1.0;
				PRODUCT_BUNDLE_IDENTIFIER = com.braysoftware.KnobDemoUITests;
				PRODUCT_NAME = "$(TARGET_NAME)";
				SWIFT_EMIT_LOC_STRINGS = NO;
				SWIFT_VERSION = 5.0;
				TARGETED_DEVICE_FAMILY = "1,2";
				TEST_TARGET_NAME = KnobDemo;
			};
			name = Debug;
		};
		BDD457752719BDD9000E6C2F /* Release */ = {
			isa = XCBuildConfiguration;
			buildSettings = {
				ALWAYS_EMBED_SWIFT_STANDARD_LIBRARIES = YES;
				CODE_SIGN_STYLE = Automatic;
				CURRENT_PROJECT_VERSION = 1;
				DEVELOPMENT_TEAM = UP6SS5ES7E;
				GENERATE_INFOPLIST_FILE = YES;
				LD_RUNPATH_SEARCH_PATHS = (
					"$(inherited)",
					"@executable_path/Frameworks",
					"@loader_path/Frameworks",
				);
				MARKETING_VERSION = 1.0;
				PRODUCT_BUNDLE_IDENTIFIER = com.braysoftware.KnobDemoUITests;
				PRODUCT_NAME = "$(TARGET_NAME)";
				SWIFT_EMIT_LOC_STRINGS = NO;
				SWIFT_VERSION = 5.0;
				TARGETED_DEVICE_FAMILY = "1,2";
				TEST_TARGET_NAME = KnobDemo;
			};
			name = Release;
		};
/* End XCBuildConfiguration section */

/* Begin XCConfigurationList section */
		BD42C637271C85D6001E5049 /* Build configuration list for PBXNativeTarget "KnobDemo_macOS" */ = {
			isa = XCConfigurationList;
			buildConfigurations = (
				BD42C638271C85D6001E5049 /* Debug */,
				BD42C639271C85D6001E5049 /* Release */,
			);
			defaultConfigurationIsVisible = 0;
			defaultConfigurationName = Release;
		};
		BD42C63A271C85D6001E5049 /* Build configuration list for PBXNativeTarget "KnobDemo_macOSTests" */ = {
			isa = XCConfigurationList;
			buildConfigurations = (
				BD42C63B271C85D6001E5049 /* Debug */,
				BD42C63C271C85D6001E5049 /* Release */,
			);
			defaultConfigurationIsVisible = 0;
			defaultConfigurationName = Release;
		};
		BD42C63D271C85D6001E5049 /* Build configuration list for PBXNativeTarget "KnobDemo_macOSUITests" */ = {
			isa = XCConfigurationList;
			buildConfigurations = (
				BD42C63E271C85D6001E5049 /* Debug */,
				BD42C63F271C85D6001E5049 /* Release */,
			);
			defaultConfigurationIsVisible = 0;
			defaultConfigurationName = Release;
		};
		BDD457442719BDD7000E6C2F /* Build configuration list for PBXProject "KnobDemo" */ = {
			isa = XCConfigurationList;
			buildConfigurations = (
				BDD4576B2719BDD9000E6C2F /* Debug */,
				BDD4576C2719BDD9000E6C2F /* Release */,
			);
			defaultConfigurationIsVisible = 0;
			defaultConfigurationName = Release;
		};
		BDD4576D2719BDD9000E6C2F /* Build configuration list for PBXNativeTarget "KnobDemo_iOS" */ = {
			isa = XCConfigurationList;
			buildConfigurations = (
				BDD4576E2719BDD9000E6C2F /* Debug */,
				BDD4576F2719BDD9000E6C2F /* Release */,
			);
			defaultConfigurationIsVisible = 0;
			defaultConfigurationName = Release;
		};
		BDD457702719BDD9000E6C2F /* Build configuration list for PBXNativeTarget "KnobDemo_iOSTests" */ = {
			isa = XCConfigurationList;
			buildConfigurations = (
				BDD457712719BDD9000E6C2F /* Debug */,
				BDD457722719BDD9000E6C2F /* Release */,
			);
			defaultConfigurationIsVisible = 0;
			defaultConfigurationName = Release;
		};
		BDD457732719BDD9000E6C2F /* Build configuration list for PBXNativeTarget "KnobDemo_iOSUITests" */ = {
			isa = XCConfigurationList;
			buildConfigurations = (
				BDD457742719BDD9000E6C2F /* Debug */,
				BDD457752719BDD9000E6C2F /* Release */,
			);
			defaultConfigurationIsVisible = 0;
			defaultConfigurationName = Release;
		};
/* End XCConfigurationList section */

/* Begin XCSwiftPackageProductDependency section */
		BD5B79A42721E0B200FC577D /* KnobStatic */ = {
			isa = XCSwiftPackageProductDependency;
			productName = KnobStatic;
		};
		BD5B79A62721E0BF00FC577D /* KnobStatic */ = {
			isa = XCSwiftPackageProductDependency;
			productName = KnobStatic;
		};
/* End XCSwiftPackageProductDependency section */
	};
	rootObject = BDD457412719BDD7000E6C2F /* Project object */;
}
